
Microsoft Visual Studio Solution File, Format Version 12.00
# Visual Studio Version 16
VisualStudioVersion = 16.0.31829.152
MinimumVisualStudioVersion = 10.0.40219.1
Project("{FAE04EC0-301F-11D3-BF4B-00C04F79EFBC}") = "WingyNotes", "WingyNotes\WingyNotes.csproj", "{312EDE35-12D8-4CDA-9765-3191EA8FB0D3}"
EndProject
Global
	GlobalSection(SolutionConfigurationPlatforms) = preSolution
		Debug|Any CPU = Debug|Any CPU
		Release|Any CPU = Release|Any CPU
	EndGlobalSection
	GlobalSection(ProjectConfigurationPlatforms) = postSolution
		{312EDE35-12D8-4CDA-9765-3191EA8FB0D3}.Debug|Any CPU.ActiveCfg = Debug|Any CPU
		{312EDE35-12D8-4CDA-9765-3191EA8FB0D3}.Debug|Any CPU.Build.0 = Debug|Any CPU
		{312EDE35-12D8-4CDA-9765-3191EA8FB0D3}.Release|Any CPU.ActiveCfg = Release|Any CPU
		{312EDE35-12D8-4CDA-9765-3191EA8FB0D3}.Release|Any CPU.Build.0 = Release|Any CPU
	EndGlobalSection
	GlobalSection(SolutionProperties) = preSolution
		HideSolutionNode = FALSE
	EndGlobalSection
	GlobalSection(ExtensibilityGlobals) = postSolution
		SolutionGuid = {432B4C21-6BDC-4AF8-B88D-4FEF3C933D03}
	EndGlobalSection
EndGlobal
